
Microsoft Visual Studio Solution File, Format Version 12.00
# Visual Studio 15
VisualStudioVersion = 15.0.28010.2048
MinimumVisualStudioVersion = 10.0.40219.1
Project("{FAE04EC0-301F-11D3-BF4B-00C04F79EFBC}") = "RTS_LR2", "RTS_LR2\RTS_LR2.csproj", "{AE22BB59-519B-4A59-95D0-67534D3E5145}"
EndProject
Global
	GlobalSection(SolutionConfigurationPlatforms) = preSolution
		Debug|Any CPU = Debug|Any CPU
		Release|Any CPU = Release|Any CPU
	EndGlobalSection
	GlobalSection(ProjectConfigurationPlatforms) = postSolution
		{AE22BB59-519B-4A59-95D0-67534D3E5145}.Debug|Any CPU.ActiveCfg = Debug|Any CPU
		{AE22BB59-519B-4A59-95D0-67534D3E5145}.Debug|Any CPU.Build.0 = Debug|Any CPU
		{AE22BB59-519B-4A59-95D0-67534D3E5145}.Release|Any CPU.ActiveCfg = Release|Any CPU
		{AE22BB59-519B-4A59-95D0-67534D3E5145}.Release|Any CPU.Build.0 = Release|Any CPU
	EndGlobalSection
	GlobalSection(SolutionProperties) = preSolution
		HideSolutionNode = FALSE
	EndGlobalSection
	GlobalSection(ExtensibilityGlobals) = postSolution
		SolutionGuid = {D08D2BC1-1524-454B-BC21-CA95D59BE490}
	EndGlobalSection
EndGlobal
